<Solution>
  <Folder Name="/Core/">
    <Project Path="RBC.BrokeragePlatform.Application/RBC.BrokeragePlatform.Application.csproj" />
    <Project Path="RBC.BrokeragePlatform.Domain/RBC.BrokeragePlatform.Domain.csproj" />
  </Folder>
  <Folder Name="/Infrastructure/">
    <Project Path="RBC.BrokeragePlatform.Persistence/RBC.BrokeragePlatform.Persistence.csproj" />
    <Project Path="RBC.BrokeragePlatform.WebAPI/RBC.BrokeragePlatform.WebAPI.csproj" />
  </Folder>
  <Folder Name="/Presentation/">
    <Project Path="RBC.BrokeragePlatform.WPF/RBC.BrokeragePlatform.WPF.csproj" />
  </Folder>
  <Folder Name="/Tests/">
    <Project Path="RBC.BrokeragePlatform.Application.Tests/RBC.BrokeragePlatform.Application.Tests.csproj" />
    <Project Path="RBC.BrokeragePlatform.WebAPI.Tests/RBC.BrokeragePlatform.WebAPI.Tests.csproj" />
    <Project Path="RBC.BrokeragePlatform.WPF.Tests/RBC.BrokeragePlatform.WPF.Tests.csproj" />
  </Folder>
</Solution>
